{
  "name": "ZAugment",
  "version": "0.3.9",
  "lockfileVersion": 3,
  "requires": true,
  "packages": {
    "": {
      "name": "ZAugment",
      "version": "0.3.9",
      "dependencies": {
        "@tauri-apps/api": "^2.9.0",
        "vue": "^3.5.0"
      },
      "devDependencies": {
        "@tauri-apps/cli": "^2.9.0",
        "@vitejs/plugin-vue": "^5.2.0",
        "vite": "^5.4.0"
      }
    },
    "node_modules/@babel/helper-string-parser": {
      "version": "7.27.1",
      "license": "MIT",
      "engines": {
        "node": ">=6.9.0"
      }
    },
    "node_modules/@babel/helper-validator-identifier": {
      "version": "7.27.1",
      "license": "MIT",
      "engines": {
        "node": ">=6.9.0"
      }
    },
    "node_modules/@babel/parser": {
      "version": "7.27.7",
      "license": "MIT",
      "dependencies": {
        "@babel/types": "^7.27.7"
      },
      "bin": {
        "parser": "bin/babel-parser.js"
      },
      "engines": {
        "node": ">=6.0.0"
      }
    },
    "node_modules/@babel/types": {
      "version": "7.27.7",
      "license": "MIT",
      "dependencies": {
        "@babel/helper-string-parser": "^7.27.1",
        "@babel/helper-validator-identifier": "^7.27.1"
      },
      "engines": {
        "node": ">=6.9.0"
      }
    },
    "node_modules/@esbuild/win32-x64": {
      "version": "0.21.5",
      "cpu": [
        "x64"
      ],
      "dev": true,
      "license": "MIT",
      "optional": true,
      "os": [
        "win32"
      ],
      "engines": {
        "node": ">=12"
      }
    },
    "node_modules/@jridgewell/sourcemap-codec": {
      "version": "1.5.3",
      "license": "MIT"
    },
    "node_modules/@rollup/rollup-win32-x64-msvc": {
      "version": "4.44.1",
      "cpu": [
        "x64"
      ],
      "dev": true,
      "license": "MIT",
      "optional": true,
      "os": [
        "win32"
      ]
    },
    "node_modules/@tauri-apps/api": {
      "version": "2.9.0",
      "resolved": "https://registry.npmmirror.com/@tauri-apps/api/-/api-2.9.0.tgz",
      "integrity": "sha512-qD5tMjh7utwBk9/5PrTA/aGr3i5QaJ/Mlt7p8NilQ45WgbifUNPyKWsA63iQ8YfQq6R8ajMapU+/Q8nMcPRLNw==",
      "funding": {
        "type": "opencollective",
        "url": "https://opencollective.com/tauri"
      }
    },
    "node_modules/@tauri-apps/cli": {
      "version": "2.9.0",
      "resolved": "https://registry.npmmirror.com/@tauri-apps/cli/-/cli-2.9.0.tgz",
      "integrity": "sha512-Rq67+sgiiUot95kjn+6eP8gTRw9YL839gutPx5bAsGtlQ8n9S6qo2VSQkogYsiHlJs14hQpYACn/EIswH6sHzw==",
      "dev": true,
      "bin": {
        "tauri": "tauri.js"
      },
      "engines": {
        "node": ">= 10"
      },
      "funding": {
        "type": "opencollective",
        "url": "https://opencollective.com/tauri"
      },
      "optionalDependencies": {
        "@tauri-apps/cli-darwin-arm64": "2.9.0",
        "@tauri-apps/cli-darwin-x64": "2.9.0",
        "@tauri-apps/cli-linux-arm-gnueabihf": "2.9.0",
        "@tauri-apps/cli-linux-arm64-gnu": "2.9.0",
        "@tauri-apps/cli-linux-arm64-musl": "2.9.0",
        "@tauri-apps/cli-linux-riscv64-gnu": "2.9.0",
        "@tauri-apps/cli-linux-x64-gnu": "2.9.0",
        "@tauri-apps/cli-linux-x64-musl": "2.9.0",
        "@tauri-apps/cli-win32-arm64-msvc": "2.9.0",
        "@tauri-apps/cli-win32-ia32-msvc": "2.9.0",
        "@tauri-apps/cli-win32-x64-msvc": "2.9.0"
      }
    },
    "node_modules/@tauri-apps/cli-darwin-arm64": {
      "version": "2.9.0",
      "resolved": "https://registry.npmmirror.com/@tauri-apps/cli-darwin-arm64/-/cli-darwin-arm64-2.9.0.tgz",
      "integrity": "sha512-A2Wo2gvtPDymSApnLlKGVuX/b6rvVtdlTh80qta7j0jgc+tK0dyX8+puDufthUR3VPBRsVmV+XWfEJKnaqMLjg==",
      "cpu": [
        "arm64"
      ],
      "dev": true,
      "optional": true,
      "os": [
        "darwin"
      ],
      "engines": {
        "node": ">= 10"
      }
    },
    "node_modules/@tauri-apps/cli-darwin-x64": {
      "version": "2.9.0",
      "resolved": "https://registry.npmmirror.com/@tauri-apps/cli-darwin-x64/-/cli-darwin-x64-2.9.0.tgz",
      "integrity": "sha512-RfFB1BB7cqPuPWwKtROXYkN9F760jwYIHpxXgg5AocEQ0c6XynWPMLnYvy77jEyycbYt6cWeIwhiWQYsRbWESA==",
      "cpu": [
        "x64"
      ],
      "dev": true,
      "optional": true,
      "os": [
        "darwin"
      ],
      "engines": {
        "node": ">= 10"
      }
    },
    "node_modules/@tauri-apps/cli-linux-arm-gnueabihf": {
      "version": "2.9.0",
      "resolved": "https://registry.npmmirror.com/@tauri-apps/cli-linux-arm-gnueabihf/-/cli-linux-arm-gnueabihf-2.9.0.tgz",
      "integrity": "sha512-n1Gs41458ktY6FMTow/M6AWzy5EYhH1vJ2rdkNAwgX1u086xHCM8PbnowQVgJbRjhrJCUoq7E36EjSy2awHTvA==",
      "cpu": [
        "arm"
      ],
      "dev": true,
      "optional": true,
      "os": [
        "linux"
      ],
      "engines": {
        "node": ">= 10"
      }
    },
    "node_modules/@tauri-apps/cli-linux-arm64-gnu": {
      "version": "2.9.0",
      "resolved": "https://registry.npmmirror.com/@tauri-apps/cli-linux-arm64-gnu/-/cli-linux-arm64-gnu-2.9.0.tgz",
      "integrity": "sha512-E2y+egQvm7nZbl6cv2Nt1kYw5H8rJG2IisGj9bzJbd8ygSsWJK4Rdw6KW9Ml9iZL7+GuYGihOtlMcyQ6uykw2g==",
      "cpu": [
        "arm64"
      ],
      "dev": true,
      "optional": true,
      "os": [
        "linux"
      ],
      "engines": {
        "node": ">= 10"
      }
    },
    "node_modules/@tauri-apps/cli-linux-arm64-musl": {
      "version": "2.9.0",
      "resolved": "https://registry.npmmirror.com/@tauri-apps/cli-linux-arm64-musl/-/cli-linux-arm64-musl-2.9.0.tgz",
      "integrity": "sha512-TH09uepDx3LE7+DSzn9x04ilM0pouguwD6Cjq+A2NdDOu2UkZ3rWux77lMiiuO5fQAGYQAs0BtLjkzcTDoUHTQ==",
      "cpu": [
        "arm64"
      ],
      "dev": true,
      "optional": true,
      "os": [
        "linux"
      ],
      "engines": {
        "node": ">= 10"
      }
    },
    "node_modules/@tauri-apps/cli-linux-riscv64-gnu": {
      "version": "2.9.0",
      "resolved": "https://registry.npmmirror.com/@tauri-apps/cli-linux-riscv64-gnu/-/cli-linux-riscv64-gnu-2.9.0.tgz",
      "integrity": "sha512-s0ENNDStw8tLScc/K5gS4xE8VrDaFbyCCgYHylrBsIqKQT4rYZLHH3WyzWxxLXIOhPzkczw6MPxt0GdUVPH97A==",
      "cpu": [
        "riscv64"
      ],
      "dev": true,
      "optional": true,
      "os": [
        "linux"
      ],
      "engines": {
        "node": ">= 10"
      }
    },
    "node_modules/@tauri-apps/cli-linux-x64-gnu": {
      "version": "2.9.0",
      "resolved": "https://registry.npmmirror.com/@tauri-apps/cli-linux-x64-gnu/-/cli-linux-x64-gnu-2.9.0.tgz",
      "integrity": "sha512-stBAjrxfcrJLdmvF3jQskq/Ks/ar4TRyk45kfpD9/0c/8WWDKKWu+z6+ynGNkDYfm9GpbQOQDAjfX0BPWodZZw==",
      "cpu": [
        "x64"
      ],
      "dev": true,
      "optional": true,
      "os": [
        "linux"
      ],
      "engines": {
        "node": ">= 10"
      }
    },
    "node_modules/@tauri-apps/cli-linux-x64-musl": {
      "version": "2.9.0",
      "resolved": "https://registry.npmmirror.com/@tauri-apps/cli-linux-x64-musl/-/cli-linux-x64-musl-2.9.0.tgz",
      "integrity": "sha512-fxR/cG3DVuVFDoBCvAGzbVdNfHAdMfNG32aBR1j6y+0+Ys4ZF+a4SNBbMNGdJ2gQc6/QVciswYMSfSs9hP3GZA==",
      "cpu": [
        "x64"
      ],
      "dev": true,
      "optional": true,
      "os": [
        "linux"
      ],
      "engines": {
        "node": ">= 10"
      }
    },
    "node_modules/@tauri-apps/cli-win32-arm64-msvc": {
      "version": "2.9.0",
      "resolved": "https://registry.npmmirror.com/@tauri-apps/cli-win32-arm64-msvc/-/cli-win32-arm64-msvc-2.9.0.tgz",
      "integrity": "sha512-YIyRvIaYyPRlf1XB0HOLI3q9rkBpb9a8Cl6+PRopTsnXQqlfZIBG5A2KmQO90PkvmyVC6CprGcvK0U28l4MUow==",
      "cpu": [
        "arm64"
      ],
      "dev": true,
      "optional": true,
      "os": [
        "win32"
      ],
      "engines": {
        "node": ">= 10"
      }
    },
    "node_modules/@tauri-apps/cli-win32-ia32-msvc": {
      "version": "2.9.0",
      "resolved": "https://registry.npmmirror.com/@tauri-apps/cli-win32-ia32-msvc/-/cli-win32-ia32-msvc-2.9.0.tgz",
      "integrity": "sha512-Z6a6J+KT0DvjoWSz/R0EDRUCr0DDl/sp10sL1OuJLGnsl36lXWF10YuhJua3dQHizzJzkHpWAV/k1EBxjf10fQ==",
      "cpu": [
        "ia32"
      ],
      "dev": true,
      "optional": true,
      "os": [
        "win32"
      ],
      "engines": {
        "node": ">= 10"
      }
    },
    "node_modules/@tauri-apps/cli-win32-x64-msvc": {
      "version": "2.9.0",
      "resolved": "https://registry.npmmirror.com/@tauri-apps/cli-win32-x64-msvc/-/cli-win32-x64-msvc-2.9.0.tgz",
      "integrity": "sha512-Ja2LCRGhEBV/FxRF3ofGGO8ZAVrZt5P0MKkAyJ2wQGRB7xcFoadmnkKwpF0uFOjT/6ygh4f/RV46cjo3pbZxyA==",
      "cpu": [
        "x64"
      ],
      "dev": true,
      "optional": true,
      "os": [
        "win32"
      ],
      "engines": {
        "node": ">= 10"
      }
    },
    "node_modules/@types/estree": {
      "version": "1.0.8",
      "dev": true,
      "license": "MIT"
    },
    "node_modules/@vitejs/plugin-vue": {
      "version": "5.2.4",
      "dev": true,
      "license": "MIT",
      "engines": {
        "node": "^18.0.0 || >=20.0.0"
      },
      "peerDependencies": {
        "vite": "^5.0.0 || ^6.0.0",
        "vue": "^3.2.25"
      }
    },
    "node_modules/@vue/compiler-core": {
      "version": "3.5.17",
      "license": "MIT",
      "dependencies": {
        "@babel/parser": "^7.27.5",
        "@vue/shared": "3.5.17",
        "entities": "^4.5.0",
        "estree-walker": "^2.0.2",
        "source-map-js": "^1.2.1"
      }
    },
    "node_modules/@vue/compiler-dom": {
      "version": "3.5.17",
      "license": "MIT",
      "dependencies": {
        "@vue/compiler-core": "3.5.17",
        "@vue/shared": "3.5.17"
      }
    },
    "node_modules/@vue/compiler-sfc": {
      "version": "3.5.17",
      "license": "MIT",
      "dependencies": {
        "@babel/parser": "^7.27.5",
        "@vue/compiler-core": "3.5.17",
        "@vue/compiler-dom": "3.5.17",
        "@vue/compiler-ssr": "3.5.17",
        "@vue/shared": "3.5.17",
        "estree-walker": "^2.0.2",
        "magic-string": "^0.30.17",
        "postcss": "^8.5.6",
        "source-map-js": "^1.2.1"
      }
    },
    "node_modules/@vue/compiler-ssr": {
      "version": "3.5.17",
      "license": "MIT",
      "dependencies": {
        "@vue/compiler-dom": "3.5.17",
        "@vue/shared": "3.5.17"
      }
    },
    "node_modules/@vue/reactivity": {
      "version": "3.5.17",
      "license": "MIT",
      "dependencies": {
        "@vue/shared": "3.5.17"
      }
    },
    "node_modules/@vue/runtime-core": {
      "version": "3.5.17",
      "license": "MIT",
      "dependencies": {
        "@vue/reactivity": "3.5.17",
        "@vue/shared": "3.5.17"
      }
    },
    "node_modules/@vue/runtime-dom": {
      "version": "3.5.17",
      "license": "MIT",
      "dependencies": {
        "@vue/reactivity": "3.5.17",
        "@vue/runtime-core": "3.5.17",
        "@vue/shared": "3.5.17",
        "csstype": "^3.1.3"
      }
    },
    "node_modules/@vue/server-renderer": {
      "version": "3.5.17",
      "license": "MIT",
      "dependencies": {
        "@vue/compiler-ssr": "3.5.17",
        "@vue/shared": "3.5.17"
      },
      "peerDependencies": {
        "vue": "3.5.17"
      }
    },
    "node_modules/@vue/shared": {
      "version": "3.5.17",
      "license": "MIT"
    },
    "node_modules/csstype": {
      "version": "3.1.3",
      "license": "MIT"
    },
    "node_modules/entities": {
      "version": "4.5.0",
      "license": "BSD-2-Clause",
      "engines": {
        "node": ">=0.12"
      },
      "funding": {
        "url": "https://github.com/fb55/entities?sponsor=1"
      }
    },
    "node_modules/esbuild": {
      "version": "0.21.5",
      "dev": true,
      "hasInstallScript": true,
      "license": "MIT",
      "bin": {
        "esbuild": "bin/esbuild"
      },
      "engines": {
        "node": ">=12"
      },
      "optionalDependencies": {
        "@esbuild/aix-ppc64": "0.21.5",
        "@esbuild/android-arm": "0.21.5",
        "@esbuild/android-arm64": "0.21.5",
        "@esbuild/android-x64": "0.21.5",
        "@esbuild/darwin-arm64": "0.21.5",
        "@esbuild/darwin-x64": "0.21.5",
        "@esbuild/freebsd-arm64": "0.21.5",
        "@esbuild/freebsd-x64": "0.21.5",
        "@esbuild/linux-arm": "0.21.5",
        "@esbuild/linux-arm64": "0.21.5",
        "@esbuild/linux-ia32": "0.21.5",
        "@esbuild/linux-loong64": "0.21.5",
        "@esbuild/linux-mips64el": "0.21.5",
        "@esbuild/linux-ppc64": "0.21.5",
        "@esbuild/linux-riscv64": "0.21.5",
        "@esbuild/linux-s390x": "0.21.5",
        "@esbuild/linux-x64": "0.21.5",
        "@esbuild/netbsd-x64": "0.21.5",
        "@esbuild/openbsd-x64": "0.21.5",
        "@esbuild/sunos-x64": "0.21.5",
        "@esbuild/win32-arm64": "0.21.5",
        "@esbuild/win32-ia32": "0.21.5",
        "@esbuild/win32-x64": "0.21.5"
      }
    },
    "node_modules/estree-walker": {
      "version": "2.0.2",
      "license": "MIT"
    },
    "node_modules/magic-string": {
      "version": "0.30.17",
      "license": "MIT",
      "dependencies": {
        "@jridgewell/sourcemap-codec": "^1.5.0"
      }
    },
    "node_modules/nanoid": {
      "version": "3.3.11",
      "funding": [
        {
          "type": "github",
          "url": "https://github.com/sponsors/ai"
        }
      ],
      "license": "MIT",
      "bin": {
        "nanoid": "bin/nanoid.cjs"
      },
      "engines": {
        "node": "^10 || ^12 || ^13.7 || ^14 || >=15.0.1"
      }
    },
    "node_modules/picocolors": {
      "version": "1.1.1",
      "license": "ISC"
    },
    "node_modules/postcss": {
      "version": "8.5.6",
      "funding": [
        {
          "type": "opencollective",
          "url": "https://opencollective.com/postcss/"
        },
        {
          "type": "tidelift",
          "url": "https://tidelift.com/funding/github/npm/postcss"
        },
        {
          "type": "github",
          "url": "https://github.com/sponsors/ai"
        }
      ],
      "license": "MIT",
      "dependencies": {
        "nanoid": "^3.3.11",
        "picocolors": "^1.1.1",
        "source-map-js": "^1.2.1"
      },
      "engines": {
        "node": "^10 || ^12 || >=14"
      }
    },
    "node_modules/rollup": {
      "version": "4.44.1",
      "dev": true,
      "license": "MIT",
      "dependencies": {
        "@types/estree": "1.0.8"
      },
      "bin": {
        "rollup": "dist/bin/rollup"
      },
      "engines": {
        "node": ">=18.0.0",
        "npm": ">=8.0.0"
      },
      "optionalDependencies": {
        "@rollup/rollup-android-arm-eabi": "4.44.1",
        "@rollup/rollup-android-arm64": "4.44.1",
        "@rollup/rollup-darwin-arm64": "4.44.1",
        "@rollup/rollup-darwin-x64": "4.44.1",
        "@rollup/rollup-freebsd-arm64": "4.44.1",
        "@rollup/rollup-freebsd-x64": "4.44.1",
        "@rollup/rollup-linux-arm-gnueabihf": "4.44.1",
        "@rollup/rollup-linux-arm-musleabihf": "4.44.1",
        "@rollup/rollup-linux-arm64-gnu": "4.44.1",
        "@rollup/rollup-linux-arm64-musl": "4.44.1",
        "@rollup/rollup-linux-loongarch64-gnu": "4.44.1",
        "@rollup/rollup-linux-powerpc64le-gnu": "4.44.1",
        "@rollup/rollup-linux-riscv64-gnu": "4.44.1",
        "@rollup/rollup-linux-riscv64-musl": "4.44.1",
        "@rollup/rollup-linux-s390x-gnu": "4.44.1",
        "@rollup/rollup-linux-x64-gnu": "4.44.1",
        "@rollup/rollup-linux-x64-musl": "4.44.1",
        "@rollup/rollup-win32-arm64-msvc": "4.44.1",
        "@rollup/rollup-win32-ia32-msvc": "4.44.1",
        "@rollup/rollup-win32-x64-msvc": "4.44.1",
        "fsevents": "~2.3.2"
      }
    },
    "node_modules/source-map-js": {
      "version": "1.2.1",
      "license": "BSD-3-Clause",
      "engines": {
        "node": ">=0.10.0"
      }
    },
    "node_modules/vite": {
      "version": "5.4.19",
      "dev": true,
      "license": "MIT",
      "dependencies": {
        "esbuild": "^0.21.3",
        "postcss": "^8.4.43",
        "rollup": "^4.20.0"
      },
      "bin": {
        "vite": "bin/vite.js"
      },
      "engines": {
        "node": "^18.0.0 || >=20.0.0"
      },
      "funding": {
        "url": "https://github.com/vitejs/vite?sponsor=1"
      },
      "optionalDependencies": {
        "fsevents": "~2.3.3"
      },
      "peerDependencies": {
        "@types/node": "^18.0.0 || >=20.0.0",
        "less": "*",
        "lightningcss": "^1.21.0",
        "sass": "*",
        "sass-embedded": "*",
        "stylus": "*",
        "sugarss": "*",
        "terser": "^5.4.0"
      },
      "peerDependenciesMeta": {
        "@types/node": {
          "optional": true
        },
        "less": {
          "optional": true
        },
        "lightningcss": {
          "optional": true
        },
        "sass": {
          "optional": true
        },
        "sass-embedded": {
          "optional": true
        },
        "stylus": {
          "optional": true
        },
        "sugarss": {
          "optional": true
        },
        "terser": {
          "optional": true
        }
      }
    },
    "node_modules/vue": {
      "version": "3.5.17",
      "license": "MIT",
      "dependencies": {
        "@vue/compiler-dom": "3.5.17",
        "@vue/compiler-sfc": "3.5.17",
        "@vue/runtime-dom": "3.5.17",
        "@vue/server-renderer": "3.5.17",
        "@vue/shared": "3.5.17"
      },
      "peerDependencies": {
        "typescript": "*"
      },
      "peerDependenciesMeta": {
        "typescript": {
          "optional": true
        }
      }
    }
  }
}
